// !$*UTF8*$!
{
	archiveVersion = 1;
	classes = {
	};
	objectVersion = 46;
	objects = {

/* Begin PBXBuildFile section */
		BD890DCC3119388BBDE4E2E5 /* libPods-SbTestProject.a in Frameworks */ = {isa = PBXBuildFile; fileRef = F68DFF0A0DA7F8636F6E6026 /* libPods-SbTestProject.a */; };
		C9057C121E65A2F700185BAD /* main.m in Sources */ = {isa = PBXBuildFile; fileRef = C9057C111E65A2F700185BAD /* main.m */; };
		C9057C151E65A2F700185BAD /* AppDelegate.m in Sources */ = {isa = PBXBuildFile; fileRef = C9057C141E65A2F700185BAD /* AppDelegate.m */; };
		C9057C181E65A2F700185BAD /* ViewController.m in Sources */ = {isa = PBXBuildFile; fileRef = C9057C171E65A2F700185BAD /* ViewController.m */; };
		C9057C1B1E65A2F700185BAD /* Main.storyboard in Resources */ = {isa = PBXBuildFile; fileRef = C9057C191E65A2F700185BAD /* Main.storyboard */; };
		C9057C1D1E65A2F700185BAD /* Assets.xcassets in Resources */ = {isa = PBXBuildFile; fileRef = C9057C1C1E65A2F700185BAD /* Assets.xcassets */; };
		C9057C201E65A2F700185BAD /* LaunchScreen.storyboard in Resources */ = {isa = PBXBuildFile; fileRef = C9057C1E1E65A2F700185BAD /* LaunchScreen.storyboard */; };
		C9057C2B1E65A2F700185BAD /* SbTestProjectTests.m in Sources */ = {isa = PBXBuildFile; fileRef = C9057C2A1E65A2F700185BAD /* SbTestProjectTests.m */; };
		C9057C361E65A2F700185BAD /* SbTestProjectUITests.m in Sources */ = {isa = PBXBuildFile; fileRef = C9057C351E65A2F700185BAD /* SbTestProjectUITests.m */; };
		C9057C521E66935900185BAD /* Accelerate.framework in Frameworks */ = {isa = PBXBuildFile; fileRef = C9057C511E66935900185BAD /* Accelerate.framework */; };
		C9057C541E66936000185BAD /* AudioToolbox.framework in Frameworks */ = {isa = PBXBuildFile; fileRef = C9057C531E66936000185BAD /* AudioToolbox.framework */; };
		C9057C561E66936700185BAD /* AVFoundation.framework in Frameworks */ = {isa = PBXBuildFile; fileRef = C9057C551E66936700185BAD /* AVFoundation.framework */; };
		C9057C581E66936E00185BAD /* GLKit.framework in Frameworks */ = {isa = PBXBuildFile; fileRef = C9057C571E66936E00185BAD /* GLKit.framework */; };
		C9057CB81E672C1F00185BAD /* Actions.sks in Resources */ = {isa = PBXBuildFile; fileRef = C9057CB41E672C1F00185BAD /* Actions.sks */; };
		C9057CB91E672C1F00185BAD /* GameScene.m in Sources */ = {isa = PBXBuildFile; fileRef = C9057CB61E672C1F00185BAD /* GameScene.m */; };
		C9057CBA1E672C1F00185BAD /* GameScene.sks in Resources */ = {isa = PBXBuildFile; fileRef = C9057CB71E672C1F00185BAD /* GameScene.sks */; };
		C9057CBC1E672C3400185BAD /* SpriteKit.framework in Frameworks */ = {isa = PBXBuildFile; fileRef = C9057CBB1E672C3400185BAD /* SpriteKit.framework */; };
		C9057CE11E683FC500185BAD /* SbRoad3@2x.png in Resources */ = {isa = PBXBuildFile; fileRef = C9057CD31E683FC500185BAD /* SbRoad3@2x.png */; };
		C9057CE31E683FC500185BAD /* SbRoad1@2x.png in Resources */ = {isa = PBXBuildFile; fileRef = C9057CD51E683FC500185BAD /* SbRoad1@2x.png */; };
		C9057CE41E683FC500185BAD /* SbRoad2@2x.png in Resources */ = {isa = PBXBuildFile; fileRef = C9057CD61E683FC500185BAD /* SbRoad2@2x.png */; };
		C9057CE51E683FC500185BAD /* SbTree1@2x.png in Resources */ = {isa = PBXBuildFile; fileRef = C9057CD71E683FC500185BAD /* SbTree1@2x.png */; };
		C9057CE61E683FC500185BAD /* SbTree3@2x.png in Resources */ = {isa = PBXBuildFile; fileRef = C9057CD81E683FC500185BAD /* SbTree3@2x.png */; };
		C9057CE71E683FC500185BAD /* SbTree2@2x.png in Resources */ = {isa = PBXBuildFile; fileRef = C9057CD91E683FC500185BAD /* SbTree2@2x.png */; };
		C9057CE81E683FC500185BAD /* SbRefresh@2x.png in Resources */ = {isa = PBXBuildFile; fileRef = C9057CDA1E683FC500185BAD /* SbRefresh@2x.png */; };
		C9057CE91E683FC500185BAD /* SbReturn@2x.png in Resources */ = {isa = PBXBuildFile; fileRef = C9057CDB1E683FC500185BAD /* SbReturn@2x.png */; };
		C9057CEA1E683FC500185BAD /* SbProgressBg@2x.png in Resources */ = {isa = PBXBuildFile; fileRef = C9057CDC1E683FC500185BAD /* SbProgressBg@2x.png */; };
		C9057CEB1E683FC500185BAD /* SbProgressDid@2x.png in Resources */ = {isa = PBXBuildFile; fileRef = C9057CDD1E683FC500185BAD /* SbProgressDid@2x.png */; };
		C9057CEC1E683FC500185BAD /* SbBird_sma@2x.png in Resources */ = {isa = PBXBuildFile; fileRef = C9057CDE1E683FC500185BAD /* SbBird_sma@2x.png */; };
		C9057CED1E683FC500185BAD /* SbGameStart@2x.png in Resources */ = {isa = PBXBuildFile; fileRef = C9057CDF1E683FC500185BAD /* SbGameStart@2x.png */; };
		C9057CEE1E683FC500185BAD /* SbGameTitle@2x.png in Resources */ = {isa = PBXBuildFile; fileRef = C9057CE01E683FC500185BAD /* SbGameTitle@2x.png */; };
		C9057CF11E6840B500185BAD /* WechatIMG300.jpeg in Resources */ = {isa = PBXBuildFile; fileRef = C9057CEF1E6840B500185BAD /* WechatIMG300.jpeg */; };
		C9057CF21E6840B500185BAD /* WechatIMG303.jpeg in Resources */ = {isa = PBXBuildFile; fileRef = C9057CF01E6840B500185BAD /* WechatIMG303.jpeg */; };
		C9057D961E6911F000185BAD /* SbRoadBgNode.m in Sources */ = {isa = PBXBuildFile; fileRef = C9057D951E6911F000185BAD /* SbRoadBgNode.m */; };
		C9057D991E69122000185BAD /* SbRoadNode.m in Sources */ = {isa = PBXBuildFile; fileRef = C9057D981E69122000185BAD /* SbRoadNode.m */; };
		C91D32B91E705B4000B6A625 /* chicken_faild@2x.png in Resources */ = {isa = PBXBuildFile; fileRef = C91D32B61E705B4000B6A625 /* chicken_faild@2x.png */; };
		C91D32BA1E705B4000B6A625 /* chicken_walk1@2x.png in Resources */ = {isa = PBXBuildFile; fileRef = C91D32B71E705B4000B6A625 /* chicken_walk1@2x.png */; };
		C91D32BB1E705B4000B6A625 /* chicken_walk2@2x.png in Resources */ = {isa = PBXBuildFile; fileRef = C91D32B81E705B4000B6A625 /* chicken_walk2@2x.png */; };
		C91D32C01E70723E00B6A625 /* GameOverNode.m in Sources */ = {isa = PBXBuildFile; fileRef = C91D32BF1E70723E00B6A625 /* GameOverNode.m */; };
		C91D32C31E70826400B6A625 /* SbMonsterNode.m in Sources */ = {isa = PBXBuildFile; fileRef = C91D32C21E70826400B6A625 /* SbMonsterNode.m */; };
		C91D32C51E7082F300B6A625 /* SbMonster@2x.png in Resources */ = {isa = PBXBuildFile; fileRef = C91D32C41E7082F300B6A625 /* SbMonster@2x.png */; };
		C91E1F441E85AE4B000AE488 /* SbBackgroundImage@2x.png in Resources */ = {isa = PBXBuildFile; fileRef = C91E1F431E85AE4B000AE488 /* SbBackgroundImage@2x.png */; };
		C91E1F471E85B1EC000AE488 /* GameScoreNode.m in Sources */ = {isa = PBXBuildFile; fileRef = C91E1F461E85B1EC000AE488 /* GameScoreNode.m */; };
		C91F65EF1E883E2000D01F59 /* SbGameFinishBg@2x.png in Resources */ = {isa = PBXBuildFile; fileRef = C91F65EE1E883E2000D01F59 /* SbGameFinishBg@2x.png */; };
		C91F65F11E883E4B00D01F59 /* chicken_success@2x.png in Resources */ = {isa = PBXBuildFile; fileRef = C91F65F01E883E4B00D01F59 /* chicken_success@2x.png */; };
		C9627BAF1E69210300B7B1BA /* RoadManageInfo.plist in Resources */ = {isa = PBXBuildFile; fileRef = C9627BAE1E69210300B7B1BA /* RoadManageInfo.plist */; };
		C9627BD51E694E1F00B7B1BA /* EZAudio.m in Sources */ = {isa = PBXBuildFile; fileRef = C9627BB31E694E1F00B7B1BA /* EZAudio.m */; };
		C9627BD61E694E1F00B7B1BA /* EZAudioDevice.m in Sources */ = {isa = PBXBuildFile; fileRef = C9627BB51E694E1F00B7B1BA /* EZAudioDevice.m */; };
		C9627BD71E694E1F00B7B1BA /* EZAudioDisplayLink.m in Sources */ = {isa = PBXBuildFile; fileRef = C9627BB71E694E1F00B7B1BA /* EZAudioDisplayLink.m */; };
		C9627BD81E694E1F00B7B1BA /* EZAudioFFT.m in Sources */ = {isa = PBXBuildFile; fileRef = C9627BB91E694E1F00B7B1BA /* EZAudioFFT.m */; };
		C9627BD91E694E1F00B7B1BA /* EZAudioFile.m in Sources */ = {isa = PBXBuildFile; fileRef = C9627BBB1E694E1F00B7B1BA /* EZAudioFile.m */; };
		C9627BDA1E694E1F00B7B1BA /* EZAudioFloatConverter.m in Sources */ = {isa = PBXBuildFile; fileRef = C9627BBD1E694E1F00B7B1BA /* EZAudioFloatConverter.m */; };
		C9627BDB1E694E1F00B7B1BA /* EZAudioFloatData.m in Sources */ = {isa = PBXBuildFile; fileRef = C9627BBF1E694E1F00B7B1BA /* EZAudioFloatData.m */; };
		C9627BDC1E694E1F00B7B1BA /* EZAudioPlayer.m in Sources */ = {isa = PBXBuildFile; fileRef = C9627BC31E694E1F00B7B1BA /* EZAudioPlayer.m */; };
		C9627BDD1E694E1F00B7B1BA /* EZAudioPlot.m in Sources */ = {isa = PBXBuildFile; fileRef = C9627BC51E694E1F00B7B1BA /* EZAudioPlot.m */; };
		C9627BDE1E694E1F00B7B1BA /* EZAudioPlotGL.m in Sources */ = {isa = PBXBuildFile; fileRef = C9627BC71E694E1F00B7B1BA /* EZAudioPlotGL.m */; };
		C9627BDF1E694E1F00B7B1BA /* EZAudioUtilities.m in Sources */ = {isa = PBXBuildFile; fileRef = C9627BC91E694E1F00B7B1BA /* EZAudioUtilities.m */; };
		C9627BE01E694E1F00B7B1BA /* EZMicrophone.m in Sources */ = {isa = PBXBuildFile; fileRef = C9627BCB1E694E1F00B7B1BA /* EZMicrophone.m */; };
		C9627BE11E694E1F00B7B1BA /* EZOutput.m in Sources */ = {isa = PBXBuildFile; fileRef = C9627BCD1E694E1F00B7B1BA /* EZOutput.m */; };
		C9627BE21E694E1F00B7B1BA /* EZPlot.m in Sources */ = {isa = PBXBuildFile; fileRef = C9627BCF1E694E1F00B7B1BA /* EZPlot.m */; };
		C9627BE31E694E1F00B7B1BA /* EZRecorder.m in Sources */ = {isa = PBXBuildFile; fileRef = C9627BD11E694E1F00B7B1BA /* EZRecorder.m */; };
		C9627BE41E694E1F00B7B1BA /* Info.plist in Resources */ = {isa = PBXBuildFile; fileRef = C9627BD21E694E1F00B7B1BA /* Info.plist */; };
		C9627BE51E694E1F00B7B1BA /* TPCircularBuffer.c in Sources */ = {isa = PBXBuildFile; fileRef = C9627BD31E694E1F00B7B1BA /* TPCircularBuffer.c */; };
		C9627BE91E69C9F100B7B1BA /* SbBirdSpriteNode.m in Sources */ = {isa = PBXBuildFile; fileRef = C9627BE81E69C9F100B7B1BA /* SbBirdSpriteNode.m */; };
		C9640D8F1E817DA9000F455F /* UIKit.framework in Frameworks */ = {isa = PBXBuildFile; fileRef = C9640D8E1E817DA9000F455F /* UIKit.framework */; };
		C9967DBA1E84F60000665D71 /* HYLEMIAOTIW.ttf in Resources */ = {isa = PBXBuildFile; fileRef = C9967DB91E84F60000665D71 /* HYLEMIAOTIW.ttf */; };
		C9967DBC1E85077600665D71 /* MainScene.sks in Resources */ = {isa = PBXBuildFile; fileRef = C9967DBB1E85077600665D71 /* MainScene.sks */; };
		C9967DBF1E8508C800665D71 /* MainScene.m in Sources */ = {isa = PBXBuildFile; fileRef = C9967DBE1E8508C800665D71 /* MainScene.m */; };
		C9BAE42D1E8B8E15003A9B4F /* SbStar1@2x.png in Resources */ = {isa = PBXBuildFile; fileRef = C9BAE4291E8B8E15003A9B4F /* SbStar1@2x.png */; };
		C9BAE42E1E8B8E15003A9B4F /* SbStar2@2x.png in Resources */ = {isa = PBXBuildFile; fileRef = C9BAE42A1E8B8E15003A9B4F /* SbStar2@2x.png */; };
		C9BAE42F1E8B8E15003A9B4F /* SbStar3@2x.png in Resources */ = {isa = PBXBuildFile; fileRef = C9BAE42B1E8B8E15003A9B4F /* SbStar3@2x.png */; };
		C9BAE4301E8B8E15003A9B4F /* SbStar4@2x.png in Resources */ = {isa = PBXBuildFile; fileRef = C9BAE42C1E8B8E15003A9B4F /* SbStar4@2x.png */; };
		C9C5F20F1E90168400A4D156 /* magic.sks in Resources */ = {isa = PBXBuildFile; fileRef = C9C5F20D1E90168400A4D156 /* magic.sks */; };
		C9C5F2101E90168400A4D156 /* Assets.xcassets in Resources */ = {isa = PBXBuildFile; fileRef = C9C5F20E1E90168400A4D156 /* Assets.xcassets */; };
		C9C5F2121E9016D300A4D156 /* boke.sks in Resources */ = {isa = PBXBuildFile; fileRef = C9C5F2111E9016D300A4D156 /* boke.sks */; };
		C9C5F2161E90201100A4D156 /* EmitterFireFilesStar.sks in Resources */ = {isa = PBXBuildFile; fileRef = C9C5F2151E90201100A4D156 /* EmitterFireFilesStar.sks */; };
		C9FB0F9A1E937E4500465C52 /* BirdStand.atlas in Resources */ = {isa = PBXBuildFile; fileRef = C9FB0F991E937E4500465C52 /* BirdStand.atlas */; };
		C9FB0F9C1E937E7F00465C52 /* BirdJump.atlas in Resources */ = {isa = PBXBuildFile; fileRef = C9FB0F9B1E937E7F00465C52 /* BirdJump.atlas */; };
		C9FB0F9E1E937E9C00465C52 /* SunGif.atlas in Resources */ = {isa = PBXBuildFile; fileRef = C9FB0F9D1E937E9C00465C52 /* SunGif.atlas */; };
		C9FB0FA11E9381C000465C52 /* SbStarParticleNode.m in Sources */ = {isa = PBXBuildFile; fileRef = C9FB0FA01E9381C000465C52 /* SbStarParticleNode.m */; };
/* End PBXBuildFile section */

/* Begin PBXContainerItemProxy section */
		C9057C271E65A2F700185BAD /* PBXContainerItemProxy */ = {
			isa = PBXContainerItemProxy;
			containerPortal = C9057C051E65A2F700185BAD /* Project object */;
			proxyType = 1;
			remoteGlobalIDString = C9057C0C1E65A2F700185BAD;
			remoteInfo = SbTestProject;
		};
		C9057C321E65A2F700185BAD /* PBXContainerItemProxy */ = {
			isa = PBXContainerItemProxy;
			containerPortal = C9057C051E65A2F700185BAD /* Project object */;
			proxyType = 1;
			remoteGlobalIDString = C9057C0C1E65A2F700185BAD;
			remoteInfo = SbTestProject;
		};
/* End PBXContainerItemProxy section */

/* Begin PBXFileReference section */
		10D1F157E4D9976D6D014C34 /* Pods-SbTestProject.release.xcconfig */ = {isa = PBXFileReference; includeInIndex = 1; lastKnownFileType = text.xcconfig; name = "Pods-SbTestProject.release.xcconfig"; path = "Pods/Target Support Files/Pods-SbTestProject/Pods-SbTestProject.release.xcconfig"; sourceTree = "<group>"; };
		3749A09F9A4069DE0D1D5B17 /* Pods-SbTestProject.debug.xcconfig */ = {isa = PBXFileReference; includeInIndex = 1; lastKnownFileType = text.xcconfig; name = "Pods-SbTestProject.debug.xcconfig"; path = "Pods/Target Support Files/Pods-SbTestProject/Pods-SbTestProject.debug.xcconfig"; sourceTree = "<group>"; };
		C9057C0D1E65A2F700185BAD /* SbTestProject.app */ = {isa = PBXFileReference; explicitFileType = wrapper.application; includeInIndex = 0; path = SbTestProject.app; sourceTree = BUILT_PRODUCTS_DIR; };
		C9057C111E65A2F700185BAD /* main.m */ = {isa = PBXFileReference; lastKnownFileType = sourcecode.c.objc; path = main.m; sourceTree = "<group>"; };
		C9057C131E65A2F700185BAD /* AppDelegate.h */ = {isa = PBXFileReference; lastKnownFileType = sourcecode.c.h; path = AppDelegate.h; sourceTree = "<group>"; };
		C9057C141E65A2F700185BAD /* AppDelegate.m */ = {isa = PBXFileReference; lastKnownFileType = sourcecode.c.objc; path = AppDelegate.m; sourceTree = "<group>"; };
		C9057C161E65A2F700185BAD /* ViewController.h */ = {isa = PBXFileReference; lastKnownFileType = sourcecode.c.h; path = ViewController.h; sourceTree = "<group>"; };
		C9057C171E65A2F700185BAD /* ViewController.m */ = {isa = PBXFileReference; lastKnownFileType = sourcecode.c.objc; path = ViewController.m; sourceTree = "<group>"; };
		C9057C1A1E65A2F700185BAD /* Base */ = {isa = PBXFileReference; lastKnownFileType = file.storyboard; name = Base; path = Base.lproj/Main.storyboard; sourceTree = "<group>"; };
		C9057C1C1E65A2F700185BAD /* Assets.xcassets */ = {isa = PBXFileReference; lastKnownFileType = folder.assetcatalog; path = Assets.xcassets; sourceTree = "<group>"; };
		C9057C1F1E65A2F700185BAD /* Base */ = {isa = PBXFileReference; lastKnownFileType = file.storyboard; name = Base; path = Base.lproj/LaunchScreen.storyboard; sourceTree = "<group>"; };
		C9057C211E65A2F700185BAD /* Info.plist */ = {isa = PBXFileReference; lastKnownFileType = text.plist.xml; path = Info.plist; sourceTree = "<group>"; };
		C9057C261E65A2F700185BAD /* SbTestProjectTests.xctest */ = {isa = PBXFileReference; explicitFileType = wrapper.cfbundle; includeInIndex = 0; path = SbTestProjectTests.xctest; sourceTree = BUILT_PRODUCTS_DIR; };
		C9057C2A1E65A2F700185BAD /* SbTestProjectTests.m */ = {isa = PBXFileReference; lastKnownFileType = sourcecode.c.objc; path = SbTestProjectTests.m; sourceTree = "<group>"; };
		C9057C2C1E65A2F700185BAD /* Info.plist */ = {isa = PBXFileReference; lastKnownFileType = text.plist.xml; path = Info.plist; sourceTree = "<group>"; };
		C9057C311E65A2F700185BAD /* SbTestProjectUITests.xctest */ = {isa = PBXFileReference; explicitFileType = wrapper.cfbundle; includeInIndex = 0; path = SbTestProjectUITests.xctest; sourceTree = BUILT_PRODUCTS_DIR; };
		C9057C351E65A2F700185BAD /* SbTestProjectUITests.m */ = {isa = PBXFileReference; lastKnownFileType = sourcecode.c.objc; path = SbTestProjectUITests.m; sourceTree = "<group>"; };
		C9057C371E65A2F700185BAD /* Info.plist */ = {isa = PBXFileReference; lastKnownFileType = text.plist.xml; path = Info.plist; sourceTree = "<group>"; };
		C9057C511E66935900185BAD /* Accelerate.framework */ = {isa = PBXFileReference; lastKnownFileType = wrapper.framework; name = Accelerate.framework; path = System/Library/Frameworks/Accelerate.framework; sourceTree = SDKROOT; };
		C9057C531E66936000185BAD /* AudioToolbox.framework */ = {isa = PBXFileReference; lastKnownFileType = wrapper.framework; name = AudioToolbox.framework; path = System/Library/Frameworks/AudioToolbox.framework; sourceTree = SDKROOT; };
		C9057C551E66936700185BAD /* AVFoundation.framework */ = {isa = PBXFileReference; lastKnownFileType = wrapper.framework; name = AVFoundation.framework; path = System/Library/Frameworks/AVFoundation.framework; sourceTree = SDKROOT; };
		C9057C571E66936E00185BAD /* GLKit.framework */ = {isa = PBXFileReference; lastKnownFileType = wrapper.framework; name = GLKit.framework; path = System/Library/Frameworks/GLKit.framework; sourceTree = SDKROOT; };
		C9057C6C1E670F4D00185BAD /* MacroDefine.h */ = {isa = PBXFileReference; fileEncoding = 4; lastKnownFileType = sourcecode.c.h; path = MacroDefine.h; sourceTree = "<group>"; };
		C9057CB41E672C1F00185BAD /* Actions.sks */ = {isa = PBXFileReference; lastKnownFileType = file.sks; path = Actions.sks; sourceTree = "<group>"; };
		C9057CB51E672C1F00185BAD /* GameScene.h */ = {isa = PBXFileReference; fileEncoding = 4; lastKnownFileType = sourcecode.c.h; path = GameScene.h; sourceTree = "<group>"; };
		C9057CB61E672C1F00185BAD /* GameScene.m */ = {isa = PBXFileReference; fileEncoding = 4; lastKnownFileType = sourcecode.c.objc; path = GameScene.m; sourceTree = "<group>"; };
		C9057CB71E672C1F00185BAD /* GameScene.sks */ = {isa = PBXFileReference; lastKnownFileType = file.sks; path = GameScene.sks; sourceTree = "<group>"; };
		C9057CBB1E672C3400185BAD /* SpriteKit.framework */ = {isa = PBXFileReference; lastKnownFileType = wrapper.framework; name = SpriteKit.framework; path = System/Library/Frameworks/SpriteKit.framework; sourceTree = SDKROOT; };
		C9057CD31E683FC500185BAD /* SbRoad3@2x.png */ = {isa = PBXFileReference; lastKnownFileType = image.png; path = "SbRoad3@2x.png"; sourceTree = "<group>"; };
		C9057CD51E683FC500185BAD /* SbRoad1@2x.png */ = {isa = PBXFileReference; lastKnownFileType = image.png; path = "SbRoad1@2x.png"; sourceTree = "<group>"; };
		C9057CD61E683FC500185BAD /* SbRoad2@2x.png */ = {isa = PBXFileReference; lastKnownFileType = image.png; path = "SbRoad2@2x.png"; sourceTree = "<group>"; };
		C9057CD71E683FC500185BAD /* SbTree1@2x.png */ = {isa = PBXFileReference; lastKnownFileType = image.png; path = "SbTree1@2x.png"; sourceTree = "<group>"; };
		C9057CD81E683FC500185BAD /* SbTree3@2x.png */ = {isa = PBXFileReference; lastKnownFileType = image.png; path = "SbTree3@2x.png"; sourceTree = "<group>"; };
		C9057CD91E683FC500185BAD /* SbTree2@2x.png */ = {isa = PBXFileReference; lastKnownFileType = image.png; path = "SbTree2@2x.png"; sourceTree = "<group>"; };
		C9057CDA1E683FC500185BAD /* SbRefresh@2x.png */ = {isa = PBXFileReference; lastKnownFileType = image.png; path = "SbRefresh@2x.png"; sourceTree = "<group>"; };
		C9057CDB1E683FC500185BAD /* SbReturn@2x.png */ = {isa = PBXFileReference; lastKnownFileType = image.png; path = "SbReturn@2x.png"; sourceTree = "<group>"; };
		C9057CDC1E683FC500185BAD /* SbProgressBg@2x.png */ = {isa = PBXFileReference; lastKnownFileType = image.png; path = "SbProgressBg@2x.png"; sourceTree = "<group>"; };
		C9057CDD1E683FC500185BAD /* SbProgressDid@2x.png */ = {isa = PBXFileReference; lastKnownFileType = image.png; path = "SbProgressDid@2x.png"; sourceTree = "<group>"; };
		C9057CDE1E683FC500185BAD /* SbBird_sma@2x.png */ = {isa = PBXFileReference; lastKnownFileType = image.png; path = "SbBird_sma@2x.png"; sourceTree = "<group>"; };
		C9057CDF1E683FC500185BAD /* SbGameStart@2x.png */ = {isa = PBXFileReference; lastKnownFileType = image.png; path = "SbGameStart@2x.png"; sourceTree = "<group>"; };
		C9057CE01E683FC500185BAD /* SbGameTitle@2x.png */ = {isa = PBXFileReference; lastKnownFileType = image.png; path = "SbGameTitle@2x.png"; sourceTree = "<group>"; };
		C9057CEF1E6840B500185BAD /* WechatIMG300.jpeg */ = {isa = PBXFileReference; lastKnownFileType = image.jpeg; path = WechatIMG300.jpeg; sourceTree = "<group>"; };
		C9057CF01E6840B500185BAD /* WechatIMG303.jpeg */ = {isa = PBXFileReference; lastKnownFileType = image.jpeg; path = WechatIMG303.jpeg; sourceTree = "<group>"; };
		C9057D941E6911F000185BAD /* SbRoadBgNode.h */ = {isa = PBXFileReference; fileEncoding = 4; lastKnownFileType = sourcecode.c.h; path = SbRoadBgNode.h; sourceTree = "<group>"; };
		C9057D951E6911F000185BAD /* SbRoadBgNode.m */ = {isa = PBXFileReference; fileEncoding = 4; lastKnownFileType = sourcecode.c.objc; path = SbRoadBgNode.m; sourceTree = "<group>"; };
		C9057D971E69122000185BAD /* SbRoadNode.h */ = {isa = PBXFileReference; fileEncoding = 4; lastKnownFileType = sourcecode.c.h; path = SbRoadNode.h; sourceTree = "<group>"; };
		C9057D981E69122000185BAD /* SbRoadNode.m */ = {isa = PBXFileReference; fileEncoding = 4; lastKnownFileType = sourcecode.c.objc; path = SbRoadNode.m; sourceTree = "<group>"; };
		C91D32B61E705B4000B6A625 /* chicken_faild@2x.png */ = {isa = PBXFileReference; lastKnownFileType = image.png; path = "chicken_faild@2x.png"; sourceTree = "<group>"; };
		C91D32B71E705B4000B6A625 /* chicken_walk1@2x.png */ = {isa = PBXFileReference; lastKnownFileType = image.png; path = "chicken_walk1@2x.png"; sourceTree = "<group>"; };
		C91D32B81E705B4000B6A625 /* chicken_walk2@2x.png */ = {isa = PBXFileReference; lastKnownFileType = image.png; path = "chicken_walk2@2x.png"; sourceTree = "<group>"; };
		C91D32BC1E705E3800B6A625 /* GameDefines.h */ = {isa = PBXFileReference; lastKnownFileType = sourcecode.c.h; path = GameDefines.h; sourceTree = "<group>"; };
		C91D32BE1E70723E00B6A625 /* GameOverNode.h */ = {isa = PBXFileReference; fileEncoding = 4; lastKnownFileType = sourcecode.c.h; path = GameOverNode.h; sourceTree = "<group>"; };
		C91D32BF1E70723E00B6A625 /* GameOverNode.m */ = {isa = PBXFileReference; fileEncoding = 4; lastKnownFileType = sourcecode.c.objc; path = GameOverNode.m; sourceTree = "<group>"; };
		C91D32C11E70826400B6A625 /* SbMonsterNode.h */ = {isa = PBXFileReference; fileEncoding = 4; lastKnownFileType = sourcecode.c.h; path = SbMonsterNode.h; sourceTree = "<group>"; };
		C91D32C21E70826400B6A625 /* SbMonsterNode.m */ = {isa = PBXFileReference; fileEncoding = 4; lastKnownFileType = sourcecode.c.objc; path = SbMonsterNode.m; sourceTree = "<group>"; };
		C91D32C41E7082F300B6A625 /* SbMonster@2x.png */ = {isa = PBXFileReference; lastKnownFileType = image.png; path = "SbMonster@2x.png"; sourceTree = "<group>"; };
		C91E1F431E85AE4B000AE488 /* SbBackgroundImage@2x.png */ = {isa = PBXFileReference; lastKnownFileType = image.png; path = "SbBackgroundImage@2x.png"; sourceTree = "<group>"; };
		C91E1F451E85B1EC000AE488 /* GameScoreNode.h */ = {isa = PBXFileReference; fileEncoding = 4; lastKnownFileType = sourcecode.c.h; path = GameScoreNode.h; sourceTree = "<group>"; };
		C91E1F461E85B1EC000AE488 /* GameScoreNode.m */ = {isa = PBXFileReference; fileEncoding = 4; lastKnownFileType = sourcecode.c.objc; path = GameScoreNode.m; sourceTree = "<group>"; };
		C91F65EE1E883E2000D01F59 /* SbGameFinishBg@2x.png */ = {isa = PBXFileReference; lastKnownFileType = image.png; path = "SbGameFinishBg@2x.png"; sourceTree = "<group>"; };
		C91F65F01E883E4B00D01F59 /* chicken_success@2x.png */ = {isa = PBXFileReference; lastKnownFileType = image.png; path = "chicken_success@2x.png"; sourceTree = "<group>"; };
		C9627BAE1E69210300B7B1BA /* RoadManageInfo.plist */ = {isa = PBXFileReference; fileEncoding = 4; lastKnownFileType = text.plist.xml; path = RoadManageInfo.plist; sourceTree = "<group>"; };
		C9627BB21E694E1F00B7B1BA /* EZAudio.h */ = {isa = PBXFileReference; fileEncoding = 4; lastKnownFileType = sourcecode.c.h; path = EZAudio.h; sourceTree = "<group>"; };
		C9627BB31E694E1F00B7B1BA /* EZAudio.m */ = {isa = PBXFileReference; fileEncoding = 4; lastKnownFileType = sourcecode.c.objc; path = EZAudio.m; sourceTree = "<group>"; };
		C9627BB41E694E1F00B7B1BA /* EZAudioDevice.h */ = {isa = PBXFileReference; fileEncoding = 4; lastKnownFileType = sourcecode.c.h; path = EZAudioDevice.h; sourceTree = "<group>"; };
		C9627BB51E694E1F00B7B1BA /* EZAudioDevice.m */ = {isa = PBXFileReference; fileEncoding = 4; lastKnownFileType = sourcecode.c.objc; path = EZAudioDevice.m; sourceTree = "<group>"; };
		C9627BB61E694E1F00B7B1BA /* EZAudioDisplayLink.h */ = {isa = PBXFileReference; fileEncoding = 4; lastKnownFileType = sourcecode.c.h; path = EZAudioDisplayLink.h; sourceTree = "<group>"; };
		C9627BB71E694E1F00B7B1BA /* EZAudioDisplayLink.m */ = {isa = PBXFileReference; fileEncoding = 4; lastKnownFileType = sourcecode.c.objc; path = EZAudioDisplayLink.m; sourceTree = "<group>"; };
		C9627BB81E694E1F00B7B1BA /* EZAudioFFT.h */ = {isa = PBXFileReference; fileEncoding = 4; lastKnownFileType = sourcecode.c.h; path = EZAudioFFT.h; sourceTree = "<group>"; };
		C9627BB91E694E1F00B7B1BA /* EZAudioFFT.m */ = {isa = PBXFileReference; fileEncoding = 4; lastKnownFileType = sourcecode.c.objc; path = EZAudioFFT.m; sourceTree = "<group>"; };
		C9627BBA1E694E1F00B7B1BA /* EZAudioFile.h */ = {isa = PBXFileReference; fileEncoding = 4; lastKnownFileType = sourcecode.c.h; path = EZAudioFile.h; sourceTree = "<group>"; };
		C9627BBB1E694E1F00B7B1BA /* EZAudioFile.m */ = {isa = PBXFileReference; fileEncoding = 4; lastKnownFileType = sourcecode.c.objc; path = EZAudioFile.m; sourceTree = "<group>"; };
		C9627BBC1E694E1F00B7B1BA /* EZAudioFloatConverter.h */ = {isa = PBXFileReference; fileEncoding = 4; lastKnownFileType = sourcecode.c.h; path = EZAudioFloatConverter.h; sourceTree = "<group>"; };
		C9627BBD1E694E1F00B7B1BA /* EZAudioFloatConverter.m */ = {isa = PBXFileReference; fileEncoding = 4; lastKnownFileType = sourcecode.c.objc; path = EZAudioFloatConverter.m; sourceTree = "<group>"; };
		C9627BBE1E694E1F00B7B1BA /* EZAudioFloatData.h */ = {isa = PBXFileReference; fileEncoding = 4; lastKnownFileType = sourcecode.c.h; path = EZAudioFloatData.h; sourceTree = "<group>"; };
		C9627BBF1E694E1F00B7B1BA /* EZAudioFloatData.m */ = {isa = PBXFileReference; fileEncoding = 4; lastKnownFileType = sourcecode.c.objc; path = EZAudioFloatData.m; sourceTree = "<group>"; };
		C9627BC01E694E1F00B7B1BA /* EZAudioiOS.h */ = {isa = PBXFileReference; fileEncoding = 4; lastKnownFileType = sourcecode.c.h; path = EZAudioiOS.h; sourceTree = "<group>"; };
		C9627BC11E694E1F00B7B1BA /* EZAudioOSX.h */ = {isa = PBXFileReference; fileEncoding = 4; lastKnownFileType = sourcecode.c.h; path = EZAudioOSX.h; sourceTree = "<group>"; };
		C9627BC21E694E1F00B7B1BA /* EZAudioPlayer.h */ = {isa = PBXFileReference; fileEncoding = 4; lastKnownFileType = sourcecode.c.h; path = EZAudioPlayer.h; sourceTree = "<group>"; };
		C9627BC31E694E1F00B7B1BA /* EZAudioPlayer.m */ = {isa = PBXFileReference; fileEncoding = 4; lastKnownFileType = sourcecode.c.objc; path = EZAudioPlayer.m; sourceTree = "<group>"; };
		C9627BC41E694E1F00B7B1BA /* EZAudioPlot.h */ = {isa = PBXFileReference; fileEncoding = 4; lastKnownFileType = sourcecode.c.h; path = EZAudioPlot.h; sourceTree = "<group>"; };
		C9627BC51E694E1F00B7B1BA /* EZAudioPlot.m */ = {isa = PBXFileReference; fileEncoding = 4; lastKnownFileType = sourcecode.c.objc; path = EZAudioPlot.m; sourceTree = "<group>"; };
		C9627BC61E694E1F00B7B1BA /* EZAudioPlotGL.h */ = {isa = PBXFileReference; fileEncoding = 4; lastKnownFileType = sourcecode.c.h; path = EZAudioPlotGL.h; sourceTree = "<group>"; };
		C9627BC71E694E1F00B7B1BA /* EZAudioPlotGL.m */ = {isa = PBXFileReference; fileEncoding = 4; lastKnownFileType = sourcecode.c.objc; path = EZAudioPlotGL.m; sourceTree = "<group>"; };
		C9627BC81E694E1F00B7B1BA /* EZAudioUtilities.h */ = {isa = PBXFileReference; fileEncoding = 4; lastKnownFileType = sourcecode.c.h; path = EZAudioUtilities.h; sourceTree = "<group>"; };
		C9627BC91E694E1F00B7B1BA /* EZAudioUtilities.m */ = {isa = PBXFileReference; fileEncoding = 4; lastKnownFileType = sourcecode.c.objc; path = EZAudioUtilities.m; sourceTree = "<group>"; };
		C9627BCA1E694E1F00B7B1BA /* EZMicrophone.h */ = {isa = PBXFileReference; fileEncoding = 4; lastKnownFileType = sourcecode.c.h; path = EZMicrophone.h; sourceTree = "<group>"; };
		C9627BCB1E694E1F00B7B1BA /* EZMicrophone.m */ = {isa = PBXFileReference; fileEncoding = 4; lastKnownFileType = sourcecode.c.objc; path = EZMicrophone.m; sourceTree = "<group>"; };
		C9627BCC1E694E1F00B7B1BA /* EZOutput.h */ = {isa = PBXFileReference; fileEncoding = 4; lastKnownFileType = sourcecode.c.h; path = EZOutput.h; sourceTree = "<group>"; };
		C9627BCD1E694E1F00B7B1BA /* EZOutput.m */ = {isa = PBXFileReference; fileEncoding = 4; lastKnownFileType = sourcecode.c.objc; path = EZOutput.m; sourceTree = "<group>"; };
		C9627BCE1E694E1F00B7B1BA /* EZPlot.h */ = {isa = PBXFileReference; fileEncoding = 4; lastKnownFileType = sourcecode.c.h; path = EZPlot.h; sourceTree = "<group>"; };
		C9627BCF1E694E1F00B7B1BA /* EZPlot.m */ = {isa = PBXFileReference; fileEncoding = 4; lastKnownFileType = sourcecode.c.objc; path = EZPlot.m; sourceTree = "<group>"; };
		C9627BD01E694E1F00B7B1BA /* EZRecorder.h */ = {isa = PBXFileReference; fileEncoding = 4; lastKnownFileType = sourcecode.c.h; path = EZRecorder.h; sourceTree = "<group>"; };
		C9627BD11E694E1F00B7B1BA /* EZRecorder.m */ = {isa = PBXFileReference; fileEncoding = 4; lastKnownFileType = sourcecode.c.objc; path = EZRecorder.m; sourceTree = "<group>"; };
		C9627BD21E694E1F00B7B1BA /* Info.plist */ = {isa = PBXFileReference; fileEncoding = 4; lastKnownFileType = text.plist.xml; path = Info.plist; sourceTree = "<group>"; };
		C9627BD31E694E1F00B7B1BA /* TPCircularBuffer.c */ = {isa = PBXFileReference; fileEncoding = 4; lastKnownFileType = sourcecode.c.c; path = TPCircularBuffer.c; sourceTree = "<group>"; };
		C9627BD41E694E1F00B7B1BA /* TPCircularBuffer.h */ = {isa = PBXFileReference; fileEncoding = 4; lastKnownFileType = sourcecode.c.h; path = TPCircularBuffer.h; sourceTree = "<group>"; };
		C9627BE71E69C9F100B7B1BA /* SbBirdSpriteNode.h */ = {isa = PBXFileReference; fileEncoding = 4; lastKnownFileType = sourcecode.c.h; path = SbBirdSpriteNode.h; sourceTree = "<group>"; };
		C9627BE81E69C9F100B7B1BA /* SbBirdSpriteNode.m */ = {isa = PBXFileReference; fileEncoding = 4; lastKnownFileType = sourcecode.c.objc; path = SbBirdSpriteNode.m; sourceTree = "<group>"; };
		C9640D8E1E817DA9000F455F /* UIKit.framework */ = {isa = PBXFileReference; lastKnownFileType = wrapper.framework; name = UIKit.framework; path = System/Library/Frameworks/UIKit.framework; sourceTree = SDKROOT; };
		C9967DB91E84F60000665D71 /* HYLEMIAOTIW.ttf */ = {isa = PBXFileReference; lastKnownFileType = file; path = HYLEMIAOTIW.ttf; sourceTree = "<group>"; };
		C9967DBB1E85077600665D71 /* MainScene.sks */ = {isa = PBXFileReference; lastKnownFileType = file.sks; path = MainScene.sks; sourceTree = "<group>"; };
		C9967DBD1E8508C800665D71 /* MainScene.h */ = {isa = PBXFileReference; fileEncoding = 4; lastKnownFileType = sourcecode.c.h; path = MainScene.h; sourceTree = "<group>"; };
		C9967DBE1E8508C800665D71 /* MainScene.m */ = {isa = PBXFileReference; fileEncoding = 4; lastKnownFileType = sourcecode.c.objc; path = MainScene.m; sourceTree = "<group>"; };
		C9BAE4291E8B8E15003A9B4F /* SbStar1@2x.png */ = {isa = PBXFileReference; lastKnownFileType = image.png; path = "SbStar1@2x.png"; sourceTree = "<group>"; };
		C9BAE42A1E8B8E15003A9B4F /* SbStar2@2x.png */ = {isa = PBXFileReference; lastKnownFileType = image.png; path = "SbStar2@2x.png"; sourceTree = "<group>"; };
		C9BAE42B1E8B8E15003A9B4F /* SbStar3@2x.png */ = {isa = PBXFileReference; lastKnownFileType = image.png; path = "SbStar3@2x.png"; sourceTree = "<group>"; };
		C9BAE42C1E8B8E15003A9B4F /* SbStar4@2x.png */ = {isa = PBXFileReference; lastKnownFileType = image.png; path = "SbStar4@2x.png"; sourceTree = "<group>"; };
		C9C5F20D1E90168400A4D156 /* magic.sks */ = {isa = PBXFileReference; lastKnownFileType = file.sks; path = magic.sks; sourceTree = "<group>"; };
		C9C5F20E1E90168400A4D156 /* Assets.xcassets */ = {isa = PBXFileReference; lastKnownFileType = folder.assetcatalog; path = Assets.xcassets; sourceTree = "<group>"; };
		C9C5F2111E9016D300A4D156 /* boke.sks */ = {isa = PBXFileReference; lastKnownFileType = file.sks; path = boke.sks; sourceTree = "<group>"; };
		C9C5F2151E90201100A4D156 /* EmitterFireFilesStar.sks */ = {isa = PBXFileReference; lastKnownFileType = file.sks; path = EmitterFireFilesStar.sks; sourceTree = "<group>"; };
		C9FB0F991E937E4500465C52 /* BirdStand.atlas */ = {isa = PBXFileReference; lastKnownFileType = folder.skatlas; name = BirdStand.atlas; path = Star/BirdStand.atlas; sourceTree = "<group>"; };
		C9FB0F9B1E937E7F00465C52 /* BirdJump.atlas */ = {isa = PBXFileReference; lastKnownFileType = folder.skatlas; path = BirdJump.atlas; sourceTree = "<group>"; };
		C9FB0F9D1E937E9C00465C52 /* SunGif.atlas */ = {isa = PBXFileReference; lastKnownFileType = folder.skatlas; path = SunGif.atlas; sourceTree = "<group>"; };
		C9FB0F9F1E9381C000465C52 /* SbStarParticleNode.h */ = {isa = PBXFileReference; fileEncoding = 4; lastKnownFileType = sourcecode.c.h; path = SbStarParticleNode.h; sourceTree = "<group>"; };
		C9FB0FA01E9381C000465C52 /* SbStarParticleNode.m */ = {isa = PBXFileReference; fileEncoding = 4; lastKnownFileType = sourcecode.c.objc; path = SbStarParticleNode.m; sourceTree = "<group>"; };
		F68DFF0A0DA7F8636F6E6026 /* libPods-SbTestProject.a */ = {isa = PBXFileReference; explicitFileType = archive.ar; includeInIndex = 0; path = "libPods-SbTestProject.a"; sourceTree = BUILT_PRODUCTS_DIR; };
/* End PBXFileReference section */

/* Begin PBXFrameworksBuildPhase section */
		C9057C0A1E65A2F700185BAD /* Frameworks */ = {
			isa = PBXFrameworksBuildPhase;
			buildActionMask = 2147483647;
			files = (
				C9640D8F1E817DA9000F455F /* UIKit.framework in Frameworks */,
				C9057CBC1E672C3400185BAD /* SpriteKit.framework in Frameworks */,
				C9057C581E66936E00185BAD /* GLKit.framework in Frameworks */,
				C9057C561E66936700185BAD /* AVFoundation.framework in Frameworks */,
				C9057C541E66936000185BAD /* AudioToolbox.framework in Frameworks */,
				C9057C521E66935900185BAD /* Accelerate.framework in Frameworks */,
				BD890DCC3119388BBDE4E2E5 /* libPods-SbTestProject.a in Frameworks */,
			);
			runOnlyForDeploymentPostprocessing = 0;
		};
		C9057C231E65A2F700185BAD /* Frameworks */ = {
			isa = PBXFrameworksBuildPhase;
			buildActionMask = 2147483647;
			files = (
			);
			runOnlyForDeploymentPostprocessing = 0;
		};
		C9057C2E1E65A2F700185BAD /* Frameworks */ = {
			isa = PBXFrameworksBuildPhase;
			buildActionMask = 2147483647;
			files = (
			);
			runOnlyForDeploymentPostprocessing = 0;
		};
/* End PBXFrameworksBuildPhase section */

/* Begin PBXGroup section */
		B557246D9D2A7CBB9ABB01A6 /* Pods */ = {
			isa = PBXGroup;
			children = (
				3749A09F9A4069DE0D1D5B17 /* Pods-SbTestProject.debug.xcconfig */,
				10D1F157E4D9976D6D014C34 /* Pods-SbTestProject.release.xcconfig */,
			);
			name = Pods;
			sourceTree = "<group>";
		};
		C9057C041E65A2F700185BAD = {
			isa = PBXGroup;
			children = (
				C9057C0F1E65A2F700185BAD /* SbTestProject */,
				C9057C291E65A2F700185BAD /* SbTestProjectTests */,
				C9057C341E65A2F700185BAD /* SbTestProjectUITests */,
				C9057C0E1E65A2F700185BAD /* Products */,
				B557246D9D2A7CBB9ABB01A6 /* Pods */,
				ED87D41FD815D0FA6776906D /* Frameworks */,
			);
			sourceTree = "<group>";
		};
		C9057C0E1E65A2F700185BAD /* Products */ = {
			isa = PBXGroup;
			children = (
				C9057C0D1E65A2F700185BAD /* SbTestProject.app */,
				C9057C261E65A2F700185BAD /* SbTestProjectTests.xctest */,
				C9057C311E65A2F700185BAD /* SbTestProjectUITests.xctest */,
			);
			name = Products;
			sourceTree = "<group>";
		};
		C9057C0F1E65A2F700185BAD /* SbTestProject */ = {
			isa = PBXGroup;
			children = (
				C9627BB01E694E0D00B7B1BA /* ThirdPart */,
				C9057C131E65A2F700185BAD /* AppDelegate.h */,
				C9057C141E65A2F700185BAD /* AppDelegate.m */,
				C9057C161E65A2F700185BAD /* ViewController.h */,
				C9057C171E65A2F700185BAD /* ViewController.m */,
				C9057CB31E672C0B00185BAD /* Sprite */,
				C9057C191E65A2F700185BAD /* Main.storyboard */,
				C9057C1C1E65A2F700185BAD /* Assets.xcassets */,
				C9057C1E1E65A2F700185BAD /* LaunchScreen.storyboard */,
				C9057C211E65A2F700185BAD /* Info.plist */,
				C9057C101E65A2F700185BAD /* Supporting Files */,
			);
			path = SbTestProject;
			sourceTree = "<group>";
		};
		C9057C101E65A2F700185BAD /* Supporting Files */ = {
			isa = PBXGroup;
			children = (
				C9057CBD1E6730A000185BAD /* Resource */,
				C9057C6C1E670F4D00185BAD /* MacroDefine.h */,
				C9057C111E65A2F700185BAD /* main.m */,
			);
			name = "Supporting Files";
			sourceTree = "<group>";
		};
		C9057C291E65A2F700185BAD /* SbTestProjectTests */ = {
			isa = PBXGroup;
			children = (
				C9057C2A1E65A2F700185BAD /* SbTestProjectTests.m */,
				C9057C2C1E65A2F700185BAD /* Info.plist */,
			);
			path = SbTestProjectTests;
			sourceTree = "<group>";
		};
		C9057C341E65A2F700185BAD /* SbTestProjectUITests */ = {
			isa = PBXGroup;
			children = (
				C9057C351E65A2F700185BAD /* SbTestProjectUITests.m */,
				C9057C371E65A2F700185BAD /* Info.plist */,
			);
			path = SbTestProjectUITests;
			sourceTree = "<group>";
		};
		C9057CB31E672C0B00185BAD /* Sprite */ = {
			isa = PBXGroup;
			children = (
				C9057CB41E672C1F00185BAD /* Actions.sks */,
				C9967DBD1E8508C800665D71 /* MainScene.h */,
				C9967DBE1E8508C800665D71 /* MainScene.m */,
				C9967DBB1E85077600665D71 /* MainScene.sks */,
				C9057CB51E672C1F00185BAD /* GameScene.h */,
				C9057CB61E672C1F00185BAD /* GameScene.m */,
				C9057CB71E672C1F00185BAD /* GameScene.sks */,
				C9C5F20D1E90168400A4D156 /* magic.sks */,
				C9C5F2151E90201100A4D156 /* EmitterFireFilesStar.sks */,
				C9C5F2111E9016D300A4D156 /* boke.sks */,
				C9C5F20E1E90168400A4D156 /* Assets.xcassets */,
				C91D32BC1E705E3800B6A625 /* GameDefines.h */,
				C91D32BD1E70722900B6A625 /* Tool */,
				C9627BE61E69C9D300B7B1BA /* BirdManage */,
				C9057D931E6911C200185BAD /* RoadManage */,
			);
			path = Sprite;
			sourceTree = "<group>";
		};
		C9057CBD1E6730A000185BAD /* Resource */ = {
			isa = PBXGroup;
			children = (
				C91D32C41E7082F300B6A625 /* SbMonster@2x.png */,
				C91D32B61E705B4000B6A625 /* chicken_faild@2x.png */,
				C91F65F01E883E4B00D01F59 /* chicken_success@2x.png */,
				C91D32B71E705B4000B6A625 /* chicken_walk1@2x.png */,
				C91D32B81E705B4000B6A625 /* chicken_walk2@2x.png */,
				C91F65EE1E883E2000D01F59 /* SbGameFinishBg@2x.png */,
				C9FB0F9D1E937E9C00465C52 /* SunGif.atlas */,
				C9FB0F9B1E937E7F00465C52 /* BirdJump.atlas */,
				C9FB0F991E937E4500465C52 /* BirdStand.atlas */,
				C9BAE4281E8B8E10003A9B4F /* Star */,
				C9967DB81E84F5F700665D71 /* font */,
				C9057CEF1E6840B500185BAD /* WechatIMG300.jpeg */,
				C9057CF01E6840B500185BAD /* WechatIMG303.jpeg */,
				C91E1F431E85AE4B000AE488 /* SbBackgroundImage@2x.png */,
				C9057CD51E683FC500185BAD /* SbRoad1@2x.png */,
				C9057CD61E683FC500185BAD /* SbRoad2@2x.png */,
				C9057CD31E683FC500185BAD /* SbRoad3@2x.png */,
				C9057CD71E683FC500185BAD /* SbTree1@2x.png */,
				C9057CD81E683FC500185BAD /* SbTree3@2x.png */,
				C9057CD91E683FC500185BAD /* SbTree2@2x.png */,
				C9057CDA1E683FC500185BAD /* SbRefresh@2x.png */,
				C9057CDB1E683FC500185BAD /* SbReturn@2x.png */,
				C9057CDC1E683FC500185BAD /* SbProgressBg@2x.png */,
				C9057CDD1E683FC500185BAD /* SbProgressDid@2x.png */,
				C9057CDE1E683FC500185BAD /* SbBird_sma@2x.png */,
				C9057CDF1E683FC500185BAD /* SbGameStart@2x.png */,
				C9057CE01E683FC500185BAD /* SbGameTitle@2x.png */,
			);
			path = Resource;
			sourceTree = "<group>";
		};
		C9057D931E6911C200185BAD /* RoadManage */ = {
			isa = PBXGroup;
			children = (
				C9057D941E6911F000185BAD /* SbRoadBgNode.h */,
				C9057D951E6911F000185BAD /* SbRoadBgNode.m */,
				C9627BAE1E69210300B7B1BA /* RoadManageInfo.plist */,
				C9057D971E69122000185BAD /* SbRoadNode.h */,
				C9057D981E69122000185BAD /* SbRoadNode.m */,
				C91D32C11E70826400B6A625 /* SbMonsterNode.h */,
				C91D32C21E70826400B6A625 /* SbMonsterNode.m */,
			);
			path = RoadManage;
			sourceTree = "<group>";
		};
		C91D32BD1E70722900B6A625 /* Tool */ = {
			isa = PBXGroup;
			children = (
				C91D32BE1E70723E00B6A625 /* GameOverNode.h */,
				C91D32BF1E70723E00B6A625 /* GameOverNode.m */,
				C91E1F451E85B1EC000AE488 /* GameScoreNode.h */,
				C91E1F461E85B1EC000AE488 /* GameScoreNode.m */,
			);
			path = Tool;
			sourceTree = "<group>";
		};
		C9627BB01E694E0D00B7B1BA /* ThirdPart */ = {
			isa = PBXGroup;
			children = (
				C9627BB11E694E1F00B7B1BA /* EZAudio */,
			);
			path = ThirdPart;
			sourceTree = "<group>";
		};
		C9627BB11E694E1F00B7B1BA /* EZAudio */ = {
			isa = PBXGroup;
			children = (
				C9627BB21E694E1F00B7B1BA /* EZAudio.h */,
				C9627BB31E694E1F00B7B1BA /* EZAudio.m */,
				C9627BB41E694E1F00B7B1BA /* EZAudioDevice.h */,
				C9627BB51E694E1F00B7B1BA /* EZAudioDevice.m */,
				C9627BB61E694E1F00B7B1BA /* EZAudioDisplayLink.h */,
				C9627BB71E694E1F00B7B1BA /* EZAudioDisplayLink.m */,
				C9627BB81E694E1F00B7B1BA /* EZAudioFFT.h */,
				C9627BB91E694E1F00B7B1BA /* EZAudioFFT.m */,
				C9627BBA1E694E1F00B7B1BA /* EZAudioFile.h */,
				C9627BBB1E694E1F00B7B1BA /* EZAudioFile.m */,
				C9627BBC1E694E1F00B7B1BA /* EZAudioFloatConverter.h */,
				C9627BBD1E694E1F00B7B1BA /* EZAudioFloatConverter.m */,
				C9627BBE1E694E1F00B7B1BA /* EZAudioFloatData.h */,
				C9627BBF1E694E1F00B7B1BA /* EZAudioFloatData.m */,
				C9627BC01E694E1F00B7B1BA /* EZAudioiOS.h */,
				C9627BC11E694E1F00B7B1BA /* EZAudioOSX.h */,
				C9627BC21E694E1F00B7B1BA /* EZAudioPlayer.h */,
				C9627BC31E694E1F00B7B1BA /* EZAudioPlayer.m */,
				C9627BC41E694E1F00B7B1BA /* EZAudioPlot.h */,
				C9627BC51E694E1F00B7B1BA /* EZAudioPlot.m */,
				C9627BC61E694E1F00B7B1BA /* EZAudioPlotGL.h */,
				C9627BC71E694E1F00B7B1BA /* EZAudioPlotGL.m */,
				C9627BC81E694E1F00B7B1BA /* EZAudioUtilities.h */,
				C9627BC91E694E1F00B7B1BA /* EZAudioUtilities.m */,
				C9627BCA1E694E1F00B7B1BA /* EZMicrophone.h */,
				C9627BCB1E694E1F00B7B1BA /* EZMicrophone.m */,
				C9627BCC1E694E1F00B7B1BA /* EZOutput.h */,
				C9627BCD1E694E1F00B7B1BA /* EZOutput.m */,
				C9627BCE1E694E1F00B7B1BA /* EZPlot.h */,
				C9627BCF1E694E1F00B7B1BA /* EZPlot.m */,
				C9627BD01E694E1F00B7B1BA /* EZRecorder.h */,
				C9627BD11E694E1F00B7B1BA /* EZRecorder.m */,
				C9627BD21E694E1F00B7B1BA /* Info.plist */,
				C9627BD31E694E1F00B7B1BA /* TPCircularBuffer.c */,
				C9627BD41E694E1F00B7B1BA /* TPCircularBuffer.h */,
			);
			path = EZAudio;
			sourceTree = "<group>";
		};
		C9627BE61E69C9D300B7B1BA /* BirdManage */ = {
			isa = PBXGroup;
			children = (
				C9627BE71E69C9F100B7B1BA /* SbBirdSpriteNode.h */,
				C9627BE81E69C9F100B7B1BA /* SbBirdSpriteNode.m */,
				C9FB0F9F1E9381C000465C52 /* SbStarParticleNode.h */,
				C9FB0FA01E9381C000465C52 /* SbStarParticleNode.m */,
			);
			path = BirdManage;
			sourceTree = "<group>";
		};
		C9967DB81E84F5F700665D71 /* font */ = {
			isa = PBXGroup;
			children = (
				C9967DB91E84F60000665D71 /* HYLEMIAOTIW.ttf */,
			);
			path = font;
			sourceTree = "<group>";
		};
		C9BAE4281E8B8E10003A9B4F /* Star */ = {
			isa = PBXGroup;
			children = (
				C9BAE4291E8B8E15003A9B4F /* SbStar1@2x.png */,
				C9BAE42A1E8B8E15003A9B4F /* SbStar2@2x.png */,
				C9BAE42B1E8B8E15003A9B4F /* SbStar3@2x.png */,
				C9BAE42C1E8B8E15003A9B4F /* SbStar4@2x.png */,
			);
			path = Star;
			sourceTree = "<group>";
		};
		ED87D41FD815D0FA6776906D /* Frameworks */ = {
			isa = PBXGroup;
			children = (
				C9640D8E1E817DA9000F455F /* UIKit.framework */,
				C9057CBB1E672C3400185BAD /* SpriteKit.framework */,
				C9057C571E66936E00185BAD /* GLKit.framework */,
				C9057C551E66936700185BAD /* AVFoundation.framework */,
				C9057C531E66936000185BAD /* AudioToolbox.framework */,
				C9057C511E66935900185BAD /* Accelerate.framework */,
				F68DFF0A0DA7F8636F6E6026 /* libPods-SbTestProject.a */,
			);
			name = Frameworks;
			sourceTree = "<group>";
		};
/* End PBXGroup section */

/* Begin PBXNativeTarget section */
		C9057C0C1E65A2F700185BAD /* SbTestProject */ = {
			isa = PBXNativeTarget;
			buildConfigurationList = C9057C3A1E65A2F700185BAD /* Build configuration list for PBXNativeTarget "SbTestProject" */;
			buildPhases = (
				3DA885D010F22DC1B211AC68 /* [CP] Check Pods Manifest.lock */,
				C9057C091E65A2F700185BAD /* Sources */,
				C9057C0A1E65A2F700185BAD /* Frameworks */,
				C9057C0B1E65A2F700185BAD /* Resources */,
				99D61586DEA25726B6E43CD3 /* [CP] Embed Pods Frameworks */,
				41620785469E9DA184C9B590 /* [CP] Copy Pods Resources */,
			);
			buildRules = (
			);
			dependencies = (
			);
			name = SbTestProject;
			productName = SbTestProject;
			productReference = C9057C0D1E65A2F700185BAD /* SbTestProject.app */;
			productType = "com.apple.product-type.application";
		};
		C9057C251E65A2F700185BAD /* SbTestProjectTests */ = {
			isa = PBXNativeTarget;
			buildConfigurationList = C9057C3D1E65A2F700185BAD /* Build configuration list for PBXNativeTarget "SbTestProjectTests" */;
			buildPhases = (
				C9057C221E65A2F700185BAD /* Sources */,
				C9057C231E65A2F700185BAD /* Frameworks */,
				C9057C241E65A2F700185BAD /* Resources */,
			);
			buildRules = (
			);
			dependencies = (
				C9057C281E65A2F700185BAD /* PBXTargetDependency */,
			);
			name = SbTestProjectTests;
			productName = SbTestProjectTests;
			productReference = C9057C261E65A2F700185BAD /* SbTestProjectTests.xctest */;
			productType = "com.apple.product-type.bundle.unit-test";
		};
		C9057C301E65A2F700185BAD /* SbTestProjectUITests */ = {
			isa = PBXNativeTarget;
			buildConfigurationList = C9057C401E65A2F700185BAD /* Build configuration list for PBXNativeTarget "SbTestProjectUITests" */;
			buildPhases = (
				C9057C2D1E65A2F700185BAD /* Sources */,
				C9057C2E1E65A2F700185BAD /* Frameworks */,
				C9057C2F1E65A2F700185BAD /* Resources */,
			);
			buildRules = (
			);
			dependencies = (
				C9057C331E65A2F700185BAD /* PBXTargetDependency */,
			);
			name = SbTestProjectUITests;
			productName = SbTestProjectUITests;
			productReference = C9057C311E65A2F700185BAD /* SbTestProjectUITests.xctest */;
			productType = "com.apple.product-type.bundle.ui-testing";
		};
/* End PBXNativeTarget section */

/* Begin PBXProject section */
		C9057C051E65A2F700185BAD /* Project object */ = {
			isa = PBXProject;
			attributes = {
				LastUpgradeCheck = 0820;
				ORGANIZATIONNAME = "李翔";
				TargetAttributes = {
					C9057C0C1E65A2F700185BAD = {
						CreatedOnToolsVersion = 8.2;
						DevelopmentTeam = FNU9VD9ZK4;
						ProvisioningStyle = Automatic;
					};
					C9057C251E65A2F700185BAD = {
						CreatedOnToolsVersion = 8.2;
						ProvisioningStyle = Automatic;
						TestTargetID = C9057C0C1E65A2F700185BAD;
					};
					C9057C301E65A2F700185BAD = {
						CreatedOnToolsVersion = 8.2;
						ProvisioningStyle = Automatic;
						TestTargetID = C9057C0C1E65A2F700185BAD;
					};
				};
			};
			buildConfigurationList = C9057C081E65A2F700185BAD /* Build configuration list for PBXProject "SbTestProject" */;
			compatibilityVersion = "Xcode 3.2";
			developmentRegion = English;
			hasScannedForEncodings = 0;
			knownRegions = (
				en,
				Base,
			);
			mainGroup = C9057C041E65A2F700185BAD;
			productRefGroup = C9057C0E1E65A2F700185BAD /* Products */;
			projectDirPath = "";
			projectRoot = "";
			targets = (
				C9057C0C1E65A2F700185BAD /* SbTestProject */,
				C9057C251E65A2F700185BAD /* SbTestProjectTests */,
				C9057C301E65A2F700185BAD /* SbTestProjectUITests */,
			);
		};
/* End PBXProject section */

/* Begin PBXResourcesBuildPhase section */
		C9057C0B1E65A2F700185BAD /* Resources */ = {
			isa = PBXResourcesBuildPhase;
			buildActionMask = 2147483647;
			files = (
				C9057C201E65A2F700185BAD /* LaunchScreen.storyboard in Resources */,
				C9057CEC1E683FC500185BAD /* SbBird_sma@2x.png in Resources */,
				C9057CE71E683FC500185BAD /* SbTree2@2x.png in Resources */,
				C9057CBA1E672C1F00185BAD /* GameScene.sks in Resources */,
				C9FB0F9E1E937E9C00465C52 /* SunGif.atlas in Resources */,
				C91F65EF1E883E2000D01F59 /* SbGameFinishBg@2x.png in Resources */,
				C91D32BB1E705B4000B6A625 /* chicken_walk2@2x.png in Resources */,
				C9627BE41E694E1F00B7B1BA /* Info.plist in Resources */,
				C91D32C51E7082F300B6A625 /* SbMonster@2x.png in Resources */,
				C9057CE51E683FC500185BAD /* SbTree1@2x.png in Resources */,
				C9057CE91E683FC500185BAD /* SbReturn@2x.png in Resources */,
				C9057CF21E6840B500185BAD /* WechatIMG303.jpeg in Resources */,
				C9057C1D1E65A2F700185BAD /* Assets.xcassets in Resources */,
				C9967DBC1E85077600665D71 /* MainScene.sks in Resources */,
				C9627BAF1E69210300B7B1BA /* RoadManageInfo.plist in Resources */,
				C91F65F11E883E4B00D01F59 /* chicken_success@2x.png in Resources */,
				C9057CED1E683FC500185BAD /* SbGameStart@2x.png in Resources */,
				C9FB0F9A1E937E4500465C52 /* BirdStand.atlas in Resources */,
				C9057CE41E683FC500185BAD /* SbRoad2@2x.png in Resources */,
				C9C5F2121E9016D300A4D156 /* boke.sks in Resources */,
				C91D32B91E705B4000B6A625 /* chicken_faild@2x.png in Resources */,
				C91D32BA1E705B4000B6A625 /* chicken_walk1@2x.png in Resources */,
				C9C5F2101E90168400A4D156 /* Assets.xcassets in Resources */,
				C9057CE11E683FC500185BAD /* SbRoad3@2x.png in Resources */,
				C9057C1B1E65A2F700185BAD /* Main.storyboard in Resources */,
				C9057CEA1E683FC500185BAD /* SbProgressBg@2x.png in Resources */,
				C9057CE81E683FC500185BAD /* SbRefresh@2x.png in Resources */,
				C9057CEB1E683FC500185BAD /* SbProgressDid@2x.png in Resources */,
				C9057CE61E683FC500185BAD /* SbTree3@2x.png in Resources */,
				C9C5F2161E90201100A4D156 /* EmitterFireFilesStar.sks in Resources */,
				C9BAE42F1E8B8E15003A9B4F /* SbStar3@2x.png in Resources */,
				C9057CB81E672C1F00185BAD /* Actions.sks in Resources */,
				C9BAE42D1E8B8E15003A9B4F /* SbStar1@2x.png in Resources */,
				C9BAE4301E8B8E15003A9B4F /* SbStar4@2x.png in Resources */,
				C9057CF11E6840B500185BAD /* WechatIMG300.jpeg in Resources */,
				C9967DBA1E84F60000665D71 /* HYLEMIAOTIW.ttf in Resources */,
				C9FB0F9C1E937E7F00465C52 /* BirdJump.atlas in Resources */,
				C9BAE42E1E8B8E15003A9B4F /* SbStar2@2x.png in Resources */,
				C91E1F441E85AE4B000AE488 /* SbBackgroundImage@2x.png in Resources */,
				C9C5F20F1E90168400A4D156 /* magic.sks in Resources */,
				C9057CE31E683FC500185BAD /* SbRoad1@2x.png in Resources */,
				C9057CEE1E683FC500185BAD /* SbGameTitle@2x.png in Resources */,
			);
			runOnlyForDeploymentPostprocessing = 0;
		};
		C9057C241E65A2F700185BAD /* Resources */ = {
			isa = PBXResourcesBuildPhase;
			buildActionMask = 2147483647;
			files = (
			);
			runOnlyForDeploymentPostprocessing = 0;
		};
		C9057C2F1E65A2F700185BAD /* Resources */ = {
			isa = PBXResourcesBuildPhase;
			buildActionMask = 2147483647;
			files = (
			);
			runOnlyForDeploymentPostprocessing = 0;
		};
/* End PBXResourcesBuildPhase section */

/* Begin PBXShellScriptBuildPhase section */
		3DA885D010F22DC1B211AC68 /* [CP] Check Pods Manifest.lock */ = {
			isa = PBXShellScriptBuildPhase;
			buildActionMask = 2147483647;
			files = (
			);
			inputPaths = (
			);
			name = "[CP] Check Pods Manifest.lock";
			outputPaths = (
			);
			runOnlyForDeploymentPostprocessing = 0;
			shellPath = /bin/sh;
			shellScript = "diff \"${PODS_PODFILE_DIR_PATH}/Podfile.lock\" \"${PODS_ROOT}/Manifest.lock\" > /dev/null\nif [ $? != 0 ] ; then\n    # print error to STDERR\n    echo \"error: The sandbox is not in sync with the Podfile.lock. Run 'pod install' or update your CocoaPods installation.\" >&2\n    exit 1\nfi\n";
			showEnvVarsInLog = 0;
		};
		41620785469E9DA184C9B590 /* [CP] Copy Pods Resources */ = {
			isa = PBXShellScriptBuildPhase;
			buildActionMask = 2147483647;
			files = (
			);
			inputPaths = (
			);
			name = "[CP] Copy Pods Resources";
			outputPaths = (
			);
			runOnlyForDeploymentPostprocessing = 0;
			shellPath = /bin/sh;
			shellScript = "\"${SRCROOT}/Pods/Target Support Files/Pods-SbTestProject/Pods-SbTestProject-resources.sh\"\n";
			showEnvVarsInLog = 0;
		};
		99D61586DEA25726B6E43CD3 /* [CP] Embed Pods Frameworks */ = {
			isa = PBXShellScriptBuildPhase;
			buildActionMask = 2147483647;
			files = (
			);
			inputPaths = (
			);
			name = "[CP] Embed Pods Frameworks";
			outputPaths = (
			);
			runOnlyForDeploymentPostprocessing = 0;
			shellPath = /bin/sh;
			shellScript = "\"${SRCROOT}/Pods/Target Support Files/Pods-SbTestProject/Pods-SbTestProject-frameworks.sh\"\n";
			showEnvVarsInLog = 0;
		};
/* End PBXShellScriptBuildPhase section */

/* Begin PBXSourcesBuildPhase section */
		C9057C091E65A2F700185BAD /* Sources */ = {
			isa = PBXSourcesBuildPhase;
			buildActionMask = 2147483647;
			files = (
				C9627BD81E694E1F00B7B1BA /* EZAudioFFT.m in Sources */,
				C9627BE21E694E1F00B7B1BA /* EZPlot.m in Sources */,
				C9627BD91E694E1F00B7B1BA /* EZAudioFile.m in Sources */,
				C91D32C01E70723E00B6A625 /* GameOverNode.m in Sources */,
				C9057D991E69122000185BAD /* SbRoadNode.m in Sources */,
				C9967DBF1E8508C800665D71 /* MainScene.m in Sources */,
				C9627BDD1E694E1F00B7B1BA /* EZAudioPlot.m in Sources */,
				C9057C181E65A2F700185BAD /* ViewController.m in Sources */,
				C9627BE51E694E1F00B7B1BA /* TPCircularBuffer.c in Sources */,
				C9627BDE1E694E1F00B7B1BA /* EZAudioPlotGL.m in Sources */,
				C91D32C31E70826400B6A625 /* SbMonsterNode.m in Sources */,
				C9057C151E65A2F700185BAD /* AppDelegate.m in Sources */,
				C9627BD51E694E1F00B7B1BA /* EZAudio.m in Sources */,
				C9627BE01E694E1F00B7B1BA /* EZMicrophone.m in Sources */,
				C9627BD71E694E1F00B7B1BA /* EZAudioDisplayLink.m in Sources */,
				C9627BE91E69C9F100B7B1BA /* SbBirdSpriteNode.m in Sources */,
				C9627BDF1E694E1F00B7B1BA /* EZAudioUtilities.m in Sources */,
				C9627BDC1E694E1F00B7B1BA /* EZAudioPlayer.m in Sources */,
				C9627BE31E694E1F00B7B1BA /* EZRecorder.m in Sources */,
				C9057CB91E672C1F00185BAD /* GameScene.m in Sources */,
				C9057D961E6911F000185BAD /* SbRoadBgNode.m in Sources */,
				C9627BE11E694E1F00B7B1BA /* EZOutput.m in Sources */,
				C9057C121E65A2F700185BAD /* main.m in Sources */,
				C91E1F471E85B1EC000AE488 /* GameScoreNode.m in Sources */,
				C9FB0FA11E9381C000465C52 /* SbStarParticleNode.m in Sources */,
				C9627BD61E694E1F00B7B1BA /* EZAudioDevice.m in Sources */,
				C9627BDA1E694E1F00B7B1BA /* EZAudioFloatConverter.m in Sources */,
				C9627BDB1E694E1F00B7B1BA /* EZAudioFloatData.m in Sources */,
			);
			runOnlyForDeploymentPostprocessing = 0;
		};
		C9057C221E65A2F700185BAD /* Sources */ = {
			isa = PBXSourcesBuildPhase;
			buildActionMask = 2147483647;
			files = (
				C9057C2B1E65A2F700185BAD /* SbTestProjectTests.m in Sources */,
			);
			runOnlyForDeploymentPostprocessing = 0;
		};
		C9057C2D1E65A2F700185BAD /* Sources */ = {
			isa = PBXSourcesBuildPhase;
			buildActionMask = 2147483647;
			files = (
				C9057C361E65A2F700185BAD /* SbTestProjectUITests.m in Sources */,
			);
			runOnlyForDeploymentPostprocessing = 0;
		};
/* End PBXSourcesBuildPhase section */

/* Begin PBXTargetDependency section */
		C9057C281E65A2F700185BAD /* PBXTargetDependency */ = {
			isa = PBXTargetDependency;
			target = C9057C0C1E65A2F700185BAD /* SbTestProject */;
			targetProxy = C9057C271E65A2F700185BAD /* PBXContainerItemProxy */;
		};
		C9057C331E65A2F700185BAD /* PBXTargetDependency */ = {
			isa = PBXTargetDependency;
			target = C9057C0C1E65A2F700185BAD /* SbTestProject */;
			targetProxy = C9057C321E65A2F700185BAD /* PBXContainerItemProxy */;
		};
/* End PBXTargetDependency section */

/* Begin PBXVariantGroup section */
		C9057C191E65A2F700185BAD /* Main.storyboard */ = {
			isa = PBXVariantGroup;
			children = (
				C9057C1A1E65A2F700185BAD /* Base */,
			);
			name = Main.storyboard;
			sourceTree = "<group>";
		};
		C9057C1E1E65A2F700185BAD /* LaunchScreen.storyboard */ = {
			isa = PBXVariantGroup;
			children = (
				C9057C1F1E65A2F700185BAD /* Base */,
			);
			name = LaunchScreen.storyboard;
			sourceTree = "<group>";
		};
/* End PBXVariantGroup section */

/* Begin XCBuildConfiguration section */
		C9057C381E65A2F700185BAD /* Debug */ = {
			isa = XCBuildConfiguration;
			buildSettings = {
				ALWAYS_SEARCH_USER_PATHS = NO;
				CLANG_ANALYZER_NONNULL = YES;
				CLANG_CXX_LANGUAGE_STANDARD = "gnu++0x";
				CLANG_CXX_LIBRARY = "libc++";
				CLANG_ENABLE_MODULES = YES;
				CLANG_ENABLE_OBJC_ARC = YES;
				CLANG_WARN_BOOL_CONVERSION = YES;
				CLANG_WARN_CONSTANT_CONVERSION = YES;
				CLANG_WARN_DIRECT_OBJC_ISA_USAGE = YES_ERROR;
				CLANG_WARN_DOCUMENTATION_COMMENTS = YES;
				CLANG_WARN_EMPTY_BODY = YES;
				CLANG_WARN_ENUM_CONVERSION = YES;
				CLANG_WARN_INFINITE_RECURSION = YES;
				CLANG_WARN_INT_CONVERSION = YES;
				CLANG_WARN_OBJC_ROOT_CLASS = YES_ERROR;
				CLANG_WARN_SUSPICIOUS_MOVE = YES;
				CLANG_WARN_UNREACHABLE_CODE = YES;
				CLANG_WARN__DUPLICATE_METHOD_MATCH = YES;
				"CODE_SIGN_IDENTITY[sdk=iphoneos*]" = "iPhone Developer";
				COPY_PHASE_STRIP = NO;
				DEBUG_INFORMATION_FORMAT = dwarf;
				ENABLE_STRICT_OBJC_MSGSEND = YES;
				ENABLE_TESTABILITY = YES;
				GCC_C_LANGUAGE_STANDARD = gnu99;
				GCC_DYNAMIC_NO_PIC = NO;
				GCC_NO_COMMON_BLOCKS = YES;
				GCC_OPTIMIZATION_LEVEL = 0;
				GCC_PREPROCESSOR_DEFINITIONS = (
					"DEBUG=1",
					"$(inherited)",
				);
				GCC_WARN_64_TO_32_BIT_CONVERSION = YES;
				GCC_WARN_ABOUT_RETURN_TYPE = YES_ERROR;
				GCC_WARN_UNDECLARED_SELECTOR = YES;
				GCC_WARN_UNINITIALIZED_AUTOS = YES_AGGRESSIVE;
				GCC_WARN_UNUSED_FUNCTION = YES;
				GCC_WARN_UNUSED_VARIABLE = YES;
				IPHONEOS_DEPLOYMENT_TARGET = 10.2;
				MTL_ENABLE_DEBUG_INFO = YES;
				ONLY_ACTIVE_ARCH = YES;
				SDKROOT = iphoneos;
			};
			name = Debug;
		};
		C9057C391E65A2F700185BAD /* Release */ = {
			isa = XCBuildConfiguration;
			buildSettings = {
				ALWAYS_SEARCH_USER_PATHS = NO;
				CLANG_ANALYZER_NONNULL = YES;
				CLANG_CXX_LANGUAGE_STANDARD = "gnu++0x";
				CLANG_CXX_LIBRARY = "libc++";
				CLANG_ENABLE_MODULES = YES;
				CLANG_ENABLE_OBJC_ARC = YES;
				CLANG_WARN_BOOL_CONVERSION = YES;
				CLANG_WARN_CONSTANT_CONVERSION = YES;
				CLANG_WARN_DIRECT_OBJC_ISA_USAGE = YES_ERROR;
				CLANG_WARN_DOCUMENTATION_COMMENTS = YES;
				CLANG_WARN_EMPTY_BODY = YES;
				CLANG_WARN_ENUM_CONVERSION = YES;
				CLANG_WARN_INFINITE_RECURSION = YES;
				CLANG_WARN_INT_CONVERSION = YES;
				CLANG_WARN_OBJC_ROOT_CLASS = YES_ERROR;
				CLANG_WARN_SUSPICIOUS_MOVE = YES;
				CLANG_WARN_UNREACHABLE_CODE = YES;
				CLANG_WARN__DUPLICATE_METHOD_MATCH = YES;
				"CODE_SIGN_IDENTITY[sdk=iphoneos*]" = "iPhone Developer";
				COPY_PHASE_STRIP = NO;
				DEBUG_INFORMATION_FORMAT = "dwarf-with-dsym";
				ENABLE_NS_ASSERTIONS = NO;
				ENABLE_STRICT_OBJC_MSGSEND = YES;
				GCC_C_LANGUAGE_STANDARD = gnu99;
				GCC_NO_COMMON_BLOCKS = YES;
				GCC_WARN_64_TO_32_BIT_CONVERSION = YES;
				GCC_WARN_ABOUT_RETURN_TYPE = YES_ERROR;
				GCC_WARN_UNDECLARED_SELECTOR = YES;
				GCC_WARN_UNINITIALIZED_AUTOS = YES_AGGRESSIVE;
				GCC_WARN_UNUSED_FUNCTION = YES;
				GCC_WARN_UNUSED_VARIABLE = YES;
				IPHONEOS_DEPLOYMENT_TARGET = 10.2;
				MTL_ENABLE_DEBUG_INFO = NO;
				SDKROOT = iphoneos;
				VALIDATE_PRODUCT = YES;
			};
			name = Release;
		};
		C9057C3B1E65A2F700185BAD /* Debug */ = {
			isa = XCBuildConfiguration;
			baseConfigurationReference = 3749A09F9A4069DE0D1D5B17 /* Pods-SbTestProject.debug.xcconfig */;
			buildSettings = {
				ASSETCATALOG_COMPILER_APPICON_NAME = AppIcon;
				ASSETCATALOG_COMPILER_OPTIMIZATION = space;
				CODE_SIGN_IDENTITY = "iPhone Developer: Davin Lee (2JVAGMN374)";
				"CODE_SIGN_IDENTITY[sdk=iphoneos*]" = "iPhone Developer";
				DEVELOPMENT_TEAM = FNU9VD9ZK4;
				INFOPLIST_FILE = SbTestProject/Info.plist;
				IPHONEOS_DEPLOYMENT_TARGET = 9.0;
				LD_RUNPATH_SEARCH_PATHS = "$(inherited) @executable_path/Frameworks";
				PRODUCT_BUNDLE_IDENTIFIER = com.Lx.SbTestProject;
				PRODUCT_NAME = "$(TARGET_NAME)";
			};
			name = Debug;
		};
		C9057C3C1E65A2F700185BAD /* Release */ = {
			isa = XCBuildConfiguration;
			baseConfigurationReference = 10D1F157E4D9976D6D014C34 /* Pods-SbTestProject.release.xcconfig */;
			buildSettings = {
				ASSETCATALOG_COMPILER_APPICON_NAME = AppIcon;
				ASSETCATALOG_COMPILER_OPTIMIZATION = space;
				CODE_SIGN_IDENTITY = "iPhone Developer: Davin Lee (2JVAGMN374)";
				"CODE_SIGN_IDENTITY[sdk=iphoneos*]" = "iPhone Developer";
				DEVELOPMENT_TEAM = FNU9VD9ZK4;
				INFOPLIST_FILE = SbTestProject/Info.plist;
				IPHONEOS_DEPLOYMENT_TARGET = 9.0;
				LD_RUNPATH_SEARCH_PATHS = "$(inherited) @executable_path/Frameworks";
				PRODUCT_BUNDLE_IDENTIFIER = com.Lx.SbTestProject;
				PRODUCT_NAME = "$(TARGET_NAME)";
			};
			name = Release;
		};
		C9057C3E1E65A2F700185BAD /* Debug */ = {
			isa = XCBuildConfiguration;
			buildSettings = {
				BUNDLE_LOADER = "$(TEST_HOST)";
				INFOPLIST_FILE = SbTestProjectTests/Info.plist;
				LD_RUNPATH_SEARCH_PATHS = "$(inherited) @executable_path/Frameworks @loader_path/Frameworks";
				PRODUCT_BUNDLE_IDENTIFIER = Lx.SbTestProjectTests;
				PRODUCT_NAME = "$(TARGET_NAME)";
				TEST_HOST = "$(BUILT_PRODUCTS_DIR)/SbTestProject.app/SbTestProject";
			};
			name = Debug;
		};
		C9057C3F1E65A2F700185BAD /* Release */ = {
			isa = XCBuildConfiguration;
			buildSettings = {
				BUNDLE_LOADER = "$(TEST_HOST)";
				INFOPLIST_FILE = SbTestProjectTests/Info.plist;
				LD_RUNPATH_SEARCH_PATHS = "$(inherited) @executable_path/Frameworks @loader_path/Frameworks";
				PRODUCT_BUNDLE_IDENTIFIER = Lx.SbTestProjectTests;
				PRODUCT_NAME = "$(TARGET_NAME)";
				TEST_HOST = "$(BUILT_PRODUCTS_DIR)/SbTestProject.app/SbTestProject";
			};
			name = Release;
		};
		C9057C411E65A2F700185BAD /* Debug */ = {
			isa = XCBuildConfiguration;
			buildSettings = {
				INFOPLIST_FILE = SbTestProjectUITests/Info.plist;
				LD_RUNPATH_SEARCH_PATHS = "$(inherited) @executable_path/Frameworks @loader_path/Frameworks";
				PRODUCT_BUNDLE_IDENTIFIER = Lx.SbTestProjectUITests;
				PRODUCT_NAME = "$(TARGET_NAME)";
				TEST_TARGET_NAME = SbTestProject;
			};
			name = Debug;
		};
		C9057C421E65A2F700185BAD /* Release */ = {
			isa = XCBuildConfiguration;
			buildSettings = {
				INFOPLIST_FILE = SbTestProjectUITests/Info.plist;
				LD_RUNPATH_SEARCH_PATHS = "$(inherited) @executable_path/Frameworks @loader_path/Frameworks";
				PRODUCT_BUNDLE_IDENTIFIER = Lx.SbTestProjectUITests;
				PRODUCT_NAME = "$(TARGET_NAME)";
				TEST_TARGET_NAME = SbTestProject;
			};
			name = Release;
		};
/* End XCBuildConfiguration section */

/* Begin XCConfigurationList section */
		C9057C081E65A2F700185BAD /* Build configuration list for PBXProject "SbTestProject" */ = {
			isa = XCConfigurationList;
			buildConfigurations = (
				C9057C381E65A2F700185BAD /* Debug */,
				C9057C391E65A2F700185BAD /* Release */,
			);
			defaultConfigurationIsVisible = 0;
			defaultConfigurationName = Release;
		};
		C9057C3A1E65A2F700185BAD /* Build configuration list for PBXNativeTarget "SbTestProject" */ = {
			isa = XCConfigurationList;
			buildConfigurations = (
				C9057C3B1E65A2F700185BAD /* Debug */,
				C9057C3C1E65A2F700185BAD /* Release */,
			);
			defaultConfigurationIsVisible = 0;
			defaultConfigurationName = Release;
		};
		C9057C3D1E65A2F700185BAD /* Build configuration list for PBXNativeTarget "SbTestProjectTests" */ = {
			isa = XCConfigurationList;
			buildConfigurations = (
				C9057C3E1E65A2F700185BAD /* Debug */,
				C9057C3F1E65A2F700185BAD /* Release */,
			);
			defaultConfigurationIsVisible = 0;
			defaultConfigurationName = Release;
		};
		C9057C401E65A2F700185BAD /* Build configuration list for PBXNativeTarget "SbTestProjectUITests" */ = {
			isa = XCConfigurationList;
			buildConfigurations = (
				C9057C411E65A2F700185BAD /* Debug */,
				C9057C421E65A2F700185BAD /* Release */,
			);
			defaultConfigurationIsVisible = 0;
			defaultConfigurationName = Release;
		};
/* End XCConfigurationList section */
	};
	rootObject = C9057C051E65A2F700185BAD /* Project object */;
}
